// !$*UTF8*$!
{
	archiveVersion = 1;
	classes = {
	};
	objectVersion = 46;
	objects = {

/* Begin PBXBuildFile section */
		D1049A5A14527C07002FD429 /* libTapkuLibrary.a in Frameworks */ = {isa = PBXBuildFile; fileRef = D1049A5714527BD6002FD429 /* libTapkuLibrary.a */; };
		D1049A5C14527CF3002FD429 /* QuartzCore.framework in Frameworks */ = {isa = PBXBuildFile; fileRef = D1049A5B14527CF3002FD429 /* QuartzCore.framework */; };
		D1049A6014527D16002FD429 /* MapKit.framework in Frameworks */ = {isa = PBXBuildFile; fileRef = D1049A5F14527D16002FD429 /* MapKit.framework */; };
		D1049A6D14528437002FD429 /* TapkuLibrary.bundle in Resources */ = {isa = PBXBuildFile; fileRef = D1049A6C14528437002FD429 /* TapkuLibrary.bundle */; };
		D139FB8E144FE003006D0797 /* UIKit.framework in Frameworks */ = {isa = PBXBuildFile; fileRef = D139FB8D144FE003006D0797 /* UIKit.framework */; };
		D139FB90144FE003006D0797 /* Foundation.framework in Frameworks */ = {isa = PBXBuildFile; fileRef = D139FB8F144FE003006D0797 /* Foundation.framework */; };
		D139FB92144FE003006D0797 /* CoreGraphics.framework in Frameworks */ = {isa = PBXBuildFile; fileRef = D139FB91144FE003006D0797 /* CoreGraphics.framework */; };
		D139FB98144FE003006D0797 /* InfoPlist.strings in Resources */ = {isa = PBXBuildFile; fileRef = D139FB96144FE003006D0797 /* InfoPlist.strings */; };
		D139FB9A144FE003006D0797 /* main.m in Sources */ = {isa = PBXBuildFile; fileRef = D139FB99144FE003006D0797 /* main.m */; };
		D139FB9E144FE003006D0797 /* AstroCalendarAppDelegate.m in Sources */ = {isa = PBXBuildFile; fileRef = D139FB9D144FE003006D0797 /* AstroCalendarAppDelegate.m */; };
		D139FBA6144FE003006D0797 /* SenTestingKit.framework in Frameworks */ = {isa = PBXBuildFile; fileRef = D139FBA5144FE003006D0797 /* SenTestingKit.framework */; };
		D139FBA7144FE003006D0797 /* UIKit.framework in Frameworks */ = {isa = PBXBuildFile; fileRef = D139FB8D144FE003006D0797 /* UIKit.framework */; };
		D139FBA8144FE003006D0797 /* Foundation.framework in Frameworks */ = {isa = PBXBuildFile; fileRef = D139FB8F144FE003006D0797 /* Foundation.framework */; };
		D139FBB0144FE003006D0797 /* InfoPlist.strings in Resources */ = {isa = PBXBuildFile; fileRef = D139FBAE144FE003006D0797 /* InfoPlist.strings */; };
		D139FBB3144FE003006D0797 /* AstroCalendarTests.m in Sources */ = {isa = PBXBuildFile; fileRef = D139FBB2144FE003006D0797 /* AstroCalendarTests.m */; };
		D16D4313145635740047347D /* AstroCalendarMainViewController.m in Sources */ = {isa = PBXBuildFile; fileRef = D16D4311145635740047347D /* AstroCalendarMainViewController.m */; };
		D16D4314145635740047347D /* AstroCalendarMainViewController_iPhone.xib in Resources */ = {isa = PBXBuildFile; fileRef = D16D4312145635740047347D /* AstroCalendarMainViewController_iPhone.xib */; };
		D16D43171456388D0047347D /* AstroCalendarMainViewController_iPad.xib in Resources */ = {isa = PBXBuildFile; fileRef = D16D43151456388D0047347D /* AstroCalendarMainViewController_iPad.xib */; };
/* End PBXBuildFile section */

/* Begin PBXContainerItemProxy section */
		D1049A5614527BD6002FD429 /* PBXContainerItemProxy */ = {
			isa = PBXContainerItemProxy;
			containerPortal = D1049A4E14527BD6002FD429 /* TapkuLibrary.xcodeproj */;
			proxyType = 2;
			remoteGlobalIDString = D2AAC07E0554694100DB518D;
			remoteInfo = TapkuLibrary;
		};
		D1049A5814527BD6002FD429 /* PBXContainerItemProxy */ = {
			isa = PBXContainerItemProxy;
			containerPortal = D1049A4E14527BD6002FD429 /* TapkuLibrary.xcodeproj */;
			proxyType = 2;
			remoteGlobalIDString = 3B45DDF1134C736600D24C1A;
			remoteInfo = LogicTests;
		};
		D1049A5D14527CFD002FD429 /* PBXContainerItemProxy */ = {
			isa = PBXContainerItemProxy;
			containerPortal = D1049A4E14527BD6002FD429 /* TapkuLibrary.xcodeproj */;
			proxyType = 1;
			remoteGlobalIDString = D2AAC07D0554694100DB518D;
			remoteInfo = TapkuLibrary;
		};
		D139FBA9144FE003006D0797 /* PBXContainerItemProxy */ = {
			isa = PBXContainerItemProxy;
			containerPortal = D139FB80144FE003006D0797 /* Project object */;
			proxyType = 1;
			remoteGlobalIDString = D139FB88144FE003006D0797;
			remoteInfo = AstroCalendar;
		};
/* End PBXContainerItemProxy section */

/* Begin PBXFileReference section */
		D1049A4E14527BD6002FD429 /* TapkuLibrary.xcodeproj */ = {isa = PBXFileReference; lastKnownFileType = "wrapper.pb-project"; name = TapkuLibrary.xcodeproj; path = ../Tapku/src/TapkuLibrary.xcodeproj; sourceTree = "<group>"; };
		D1049A5B14527CF3002FD429 /* QuartzCore.framework */ = {isa = PBXFileReference; lastKnownFileType = wrapper.framework; name = QuartzCore.framework; path = System/Library/Frameworks/QuartzCore.framework; sourceTree = SDKROOT; };
		D1049A5F14527D16002FD429 /* MapKit.framework */ = {isa = PBXFileReference; lastKnownFileType = wrapper.framework; name = MapKit.framework; path = System/Library/Frameworks/MapKit.framework; sourceTree = SDKROOT; };
		D1049A6C14528437002FD429 /* TapkuLibrary.bundle */ = {isa = PBXFileReference; lastKnownFileType = "wrapper.plug-in"; name = TapkuLibrary.bundle; path = ../Tapku/src/TapkuLibrary.bundle; sourceTree = "<group>"; };
		D139FB89144FE003006D0797 /* AstroCalendar.app */ = {isa = PBXFileReference; explicitFileType = wrapper.application; includeInIndex = 0; path = AstroCalendar.app; sourceTree = BUILT_PRODUCTS_DIR; };
		D139FB8D144FE003006D0797 /* UIKit.framework */ = {isa = PBXFileReference; lastKnownFileType = wrapper.framework; name = UIKit.framework; path = System/Library/Frameworks/UIKit.framework; sourceTree = SDKROOT; };
		D139FB8F144FE003006D0797 /* Foundation.framework */ = {isa = PBXFileReference; lastKnownFileType = wrapper.framework; name = Foundation.framework; path = System/Library/Frameworks/Foundation.framework; sourceTree = SDKROOT; };
		D139FB91144FE003006D0797 /* CoreGraphics.framework */ = {isa = PBXFileReference; lastKnownFileType = wrapper.framework; name = CoreGraphics.framework; path = System/Library/Frameworks/CoreGraphics.framework; sourceTree = SDKROOT; };
		D139FB95144FE003006D0797 /* AstroCalendar-Info.plist */ = {isa = PBXFileReference; lastKnownFileType = text.plist.xml; path = "AstroCalendar-Info.plist"; sourceTree = "<group>"; };
		D139FB97144FE003006D0797 /* en */ = {isa = PBXFileReference; lastKnownFileType = text.plist.strings; name = en; path = en.lproj/InfoPlist.strings; sourceTree = "<group>"; };
		D139FB99144FE003006D0797 /* main.m */ = {isa = PBXFileReference; lastKnownFileType = sourcecode.c.objc; path = main.m; sourceTree = "<group>"; };
		D139FB9B144FE003006D0797 /* AstroCalendar-Prefix.pch */ = {isa = PBXFileReference; lastKnownFileType = sourcecode.c.h; path = "AstroCalendar-Prefix.pch"; sourceTree = "<group>"; };
		D139FB9C144FE003006D0797 /* AstroCalendarAppDelegate.h */ = {isa = PBXFileReference; lastKnownFileType = sourcecode.c.h; path = AstroCalendarAppDelegate.h; sourceTree = "<group>"; };
		D139FB9D144FE003006D0797 /* AstroCalendarAppDelegate.m */ = {isa = PBXFileReference; lastKnownFileType = sourcecode.c.objc; path = AstroCalendarAppDelegate.m; sourceTree = "<group>"; };
		D139FBA4144FE003006D0797 /* AstroCalendarTests.octest */ = {isa = PBXFileReference; explicitFileType = wrapper.cfbundle; includeInIndex = 0; path = AstroCalendarTests.octest; sourceTree = BUILT_PRODUCTS_DIR; };
		D139FBA5144FE003006D0797 /* SenTestingKit.framework */ = {isa = PBXFileReference; lastKnownFileType = wrapper.framework; name = SenTestingKit.framework; path = Library/Frameworks/SenTestingKit.framework; sourceTree = DEVELOPER_DIR; };
		D139FBAD144FE003006D0797 /* AstroCalendarTests-Info.plist */ = {isa = PBXFileReference; lastKnownFileType = text.plist.xml; path = "AstroCalendarTests-Info.plist"; sourceTree = "<group>"; };
		D139FBAF144FE003006D0797 /* en */ = {isa = PBXFileReference; lastKnownFileType = text.plist.strings; name = en; path = en.lproj/InfoPlist.strings; sourceTree = "<group>"; };
		D139FBB1144FE003006D0797 /* AstroCalendarTests.h */ = {isa = PBXFileReference; lastKnownFileType = sourcecode.c.h; path = AstroCalendarTests.h; sourceTree = "<group>"; };
		D139FBB2144FE003006D0797 /* AstroCalendarTests.m */ = {isa = PBXFileReference; lastKnownFileType = sourcecode.c.objc; path = AstroCalendarTests.m; sourceTree = "<group>"; };
		D16D4310145635740047347D /* AstroCalendarMainViewController.h */ = {isa = PBXFileReference; fileEncoding = 4; lastKnownFileType = sourcecode.c.h; path = AstroCalendarMainViewController.h; sourceTree = "<group>"; };
		D16D4311145635740047347D /* AstroCalendarMainViewController.m */ = {isa = PBXFileReference; fileEncoding = 4; lastKnownFileType = sourcecode.c.objc; path = AstroCalendarMainViewController.m; sourceTree = "<group>"; };
		D16D4312145635740047347D /* AstroCalendarMainViewController_iPhone.xib */ = {isa = PBXFileReference; fileEncoding = 4; lastKnownFileType = file.xib; name = AstroCalendarMainViewController_iPhone.xib; path = en.lproj/AstroCalendarMainViewController_iPhone.xib; sourceTree = "<group>"; };
		D16D43161456388D0047347D /* en */ = {isa = PBXFileReference; lastKnownFileType = file.xib; name = en; path = en.lproj/AstroCalendarMainViewController_iPad.xib; sourceTree = "<group>"; };
/* End PBXFileReference section */

/* Begin PBXFrameworksBuildPhase section */
		D139FB86144FE003006D0797 /* Frameworks */ = {
			isa = PBXFrameworksBuildPhase;
			buildActionMask = 2147483647;
			files = (
				D1049A6014527D16002FD429 /* MapKit.framework in Frameworks */,
				D1049A5C14527CF3002FD429 /* QuartzCore.framework in Frameworks */,
				D1049A5A14527C07002FD429 /* libTapkuLibrary.a in Frameworks */,
				D139FB8E144FE003006D0797 /* UIKit.framework in Frameworks */,
				D139FB90144FE003006D0797 /* Foundation.framework in Frameworks */,
				D139FB92144FE003006D0797 /* CoreGraphics.framework in Frameworks */,
			);
			runOnlyForDeploymentPostprocessing = 0;
		};
		D139FBA0144FE003006D0797 /* Frameworks */ = {
			isa = PBXFrameworksBuildPhase;
			buildActionMask = 2147483647;
			files = (
				D139FBA6144FE003006D0797 /* SenTestingKit.framework in Frameworks */,
				D139FBA7144FE003006D0797 /* UIKit.framework in Frameworks */,
				D139FBA8144FE003006D0797 /* Foundation.framework in Frameworks */,
			);
			runOnlyForDeploymentPostprocessing = 0;
		};
/* End PBXFrameworksBuildPhase section */

/* Begin PBXGroup section */
		D1049A4F14527BD6002FD429 /* Products */ = {
			isa = PBXGroup;
			children = (
				D1049A5714527BD6002FD429 /* libTapkuLibrary.a */,
				D1049A5914527BD6002FD429 /* LogicTests.octest */,
			);
			name = Products;
			sourceTree = "<group>";
		};
		D139FB7E144FE003006D0797 = {
			isa = PBXGroup;
			children = (
				D1049A6C14528437002FD429 /* TapkuLibrary.bundle */,
				D1049A5F14527D16002FD429 /* MapKit.framework */,
				D1049A5B14527CF3002FD429 /* QuartzCore.framework */,
				D1049A4E14527BD6002FD429 /* TapkuLibrary.xcodeproj */,
				D139FB93144FE003006D0797 /* AstroCalendar */,
				D139FBAB144FE003006D0797 /* AstroCalendarTests */,
				D139FB8C144FE003006D0797 /* Frameworks */,
				D139FB8A144FE003006D0797 /* Products */,
			);
			sourceTree = "<group>";
		};
		D139FB8A144FE003006D0797 /* Products */ = {
			isa = PBXGroup;
			children = (
				D139FB89144FE003006D0797 /* AstroCalendar.app */,
				D139FBA4144FE003006D0797 /* AstroCalendarTests.octest */,
			);
			name = Products;
			sourceTree = "<group>";
		};
		D139FB8C144FE003006D0797 /* Frameworks */ = {
			isa = PBXGroup;
			children = (
				D139FB8D144FE003006D0797 /* UIKit.framework */,
				D139FB8F144FE003006D0797 /* Foundation.framework */,
				D139FB91144FE003006D0797 /* CoreGraphics.framework */,
				D139FBA5144FE003006D0797 /* SenTestingKit.framework */,
			);
			name = Frameworks;
			sourceTree = "<group>";
		};
		D139FB93144FE003006D0797 /* AstroCalendar */ = {
			isa = PBXGroup;
			children = (
				D139FB9C144FE003006D0797 /* AstroCalendarAppDelegate.h */,
				D139FB9D144FE003006D0797 /* AstroCalendarAppDelegate.m */,
				D139FB94144FE003006D0797 /* Supporting Files */,
				D16D4310145635740047347D /* AstroCalendarMainViewController.h */,
				D16D4311145635740047347D /* AstroCalendarMainViewController.m */,
			);
			path = AstroCalendar;
			sourceTree = "<group>";
		};
		D139FB94144FE003006D0797 /* Supporting Files */ = {
			isa = PBXGroup;
			children = (
				D16D43151456388D0047347D /* AstroCalendarMainViewController_iPad.xib */,
				D16D4312145635740047347D /* AstroCalendarMainViewController_iPhone.xib */,
				D139FB95144FE003006D0797 /* AstroCalendar-Info.plist */,
				D139FB96144FE003006D0797 /* InfoPlist.strings */,
				D139FB99144FE003006D0797 /* main.m */,
				D139FB9B144FE003006D0797 /* AstroCalendar-Prefix.pch */,
			);
			name = "Supporting Files";
			sourceTree = "<group>";
		};
		D139FBAB144FE003006D0797 /* AstroCalendarTests */ = {
			isa = PBXGroup;
			children = (
				D139FBB1144FE003006D0797 /* AstroCalendarTests.h */,
				D139FBB2144FE003006D0797 /* AstroCalendarTests.m */,
				D139FBAC144FE003006D0797 /* Supporting Files */,
			);
			path = AstroCalendarTests;
			sourceTree = "<group>";
		};
		D139FBAC144FE003006D0797 /* Supporting Files */ = {
			isa = PBXGroup;
			children = (
				D139FBAD144FE003006D0797 /* AstroCalendarTests-Info.plist */,
				D139FBAE144FE003006D0797 /* InfoPlist.strings */,
			);
			name = "Supporting Files";
			sourceTree = "<group>";
		};
/* End PBXGroup section */

/* Begin PBXNativeTarget section */
		D139FB88144FE003006D0797 /* AstroCalendar */ = {
			isa = PBXNativeTarget;
			buildConfigurationList = D139FBB6144FE003006D0797 /* Build configuration list for PBXNativeTarget "AstroCalendar" */;
			buildPhases = (
				D139FB85144FE003006D0797 /* Sources */,
				D139FB86144FE003006D0797 /* Frameworks */,
				D139FB87144FE003006D0797 /* Resources */,
			);
			buildRules = (
			);
			dependencies = (
				D1049A5E14527CFD002FD429 /* PBXTargetDependency */,
			);
			name = AstroCalendar;
			productName = AstroCalendar;
			productReference = D139FB89144FE003006D0797 /* AstroCalendar.app */;
			productType = "com.apple.product-type.application";
		};
		D139FBA3144FE003006D0797 /* AstroCalendarTests */ = {
			isa = PBXNativeTarget;
			buildConfigurationList = D139FBB9144FE003006D0797 /* Build configuration list for PBXNativeTarget "AstroCalendarTests" */;
			buildPhases = (
				D139FB9F144FE003006D0797 /* Sources */,
				D139FBA0144FE003006D0797 /* Frameworks */,
				D139FBA1144FE003006D0797 /* Resources */,
				D139FBA2144FE003006D0797 /* ShellScript */,
			);
			buildRules = (
			);
			dependencies = (
				D139FBAA144FE003006D0797 /* PBXTargetDependency */,
			);
			name = AstroCalendarTests;
			productName = AstroCalendarTests;
			productReference = D139FBA4144FE003006D0797 /* AstroCalendarTests.octest */;
			productType = "com.apple.product-type.bundle";
		};
/* End PBXNativeTarget section */

/* Begin PBXProject section */
		D139FB80144FE003006D0797 /* Project object */ = {
			isa = PBXProject;
			attributes = {
				LastUpgradeCheck = 0420;
				ORGANIZATIONNAME = "University of British Columbia";
			};
			buildConfigurationList = D139FB83144FE003006D0797 /* Build configuration list for PBXProject "AstroCalendar" */;
			compatibilityVersion = "Xcode 3.2";
			developmentRegion = English;
			hasScannedForEncodings = 0;
			knownRegions = (
				en,
			);
			mainGroup = D139FB7E144FE003006D0797;
			productRefGroup = D139FB8A144FE003006D0797 /* Products */;
			projectDirPath = "";
			projectReferences = (
				{
					ProductGroup = D1049A4F14527BD6002FD429 /* Products */;
					ProjectRef = D1049A4E14527BD6002FD429 /* TapkuLibrary.xcodeproj */;
				},
			);
			projectRoot = "";
			targets = (
				D139FB88144FE003006D0797 /* AstroCalendar */,
				D139FBA3144FE003006D0797 /* AstroCalendarTests */,
			);
		};
/* End PBXProject section */

/* Begin PBXReferenceProxy section */
		D1049A5714527BD6002FD429 /* libTapkuLibrary.a */ = {
			isa = PBXReferenceProxy;
			fileType = archive.ar;
			path = libTapkuLibrary.a;
			remoteRef = D1049A5614527BD6002FD429 /* PBXContainerItemProxy */;
			sourceTree = BUILT_PRODUCTS_DIR;
		};
		D1049A5914527BD6002FD429 /* LogicTests.octest */ = {
			isa = PBXReferenceProxy;
			fileType = wrapper.cfbundle;
			path = LogicTests.octest;
			remoteRef = D1049A5814527BD6002FD429 /* PBXContainerItemProxy */;
			sourceTree = BUILT_PRODUCTS_DIR;
		};
/* End PBXReferenceProxy section */

/* Begin PBXResourcesBuildPhase section */
		D139FB87144FE003006D0797 /* Resources */ = {
			isa = PBXResourcesBuildPhase;
			buildActionMask = 2147483647;
			files = (
				D139FB98144FE003006D0797 /* InfoPlist.strings in Resources */,
				D1049A6D14528437002FD429 /* TapkuLibrary.bundle in Resources */,
				D16D4314145635740047347D /* AstroCalendarMainViewController_iPhone.xib in Resources */,
				D16D43171456388D0047347D /* AstroCalendarMainViewController_iPad.xib in Resources */,
			);
			runOnlyForDeploymentPostprocessing = 0;
		};
		D139FBA1144FE003006D0797 /* Resources */ = {
			isa = PBXResourcesBuildPhase;
			buildActionMask = 2147483647;
			files = (
				D139FBB0144FE003006D0797 /* InfoPlist.strings in Resources */,
			);
			runOnlyForDeploymentPostprocessing = 0;
		};
/* End PBXResourcesBuildPhase section */

/* Begin PBXShellScriptBuildPhase section */
		D139FBA2144FE003006D0797 /* ShellScript */ = {
			isa = PBXShellScriptBuildPhase;
			buildActionMask = 2147483647;
			files = (
			);
			inputPaths = (
			);
			outputPaths = (
			);
			runOnlyForDeploymentPostprocessing = 0;
			shellPath = /bin/sh;
			shellScript = "# Run the unit tests in this test bundle.\n\"${SYSTEM_DEVELOPER_DIR}/Tools/RunUnitTests\"\n";
		};
/* End PBXShellScriptBuildPhase section */

/* Begin PBXSourcesBuildPhase section */
		D139FB85144FE003006D0797 /* Sources */ = {
			isa = PBXSourcesBuildPhase;
			buildActionMask = 2147483647;
			files = (
				D139FB9A144FE003006D0797 /* main.m in Sources */,
				D139FB9E144FE003006D0797 /* AstroCalendarAppDelegate.m in Sources */,
				D16D4313145635740047347D /* AstroCalendarMainViewController.m in Sources */,
			);
			runOnlyForDeploymentPostprocessing = 0;
		};
		D139FB9F144FE003006D0797 /* Sources */ = {
			isa = PBXSourcesBuildPhase;
			buildActionMask = 2147483647;
			files = (
				D139FBB3144FE003006D0797 /* AstroCalendarTests.m in Sources */,
			);
			runOnlyForDeploymentPostprocessing = 0;
		};
/* End PBXSourcesBuildPhase section */

/* Begin PBXTargetDependency section */
		D1049A5E14527CFD002FD429 /* PBXTargetDependency */ = {
			isa = PBXTargetDependency;
			name = TapkuLibrary;
			targetProxy = D1049A5D14527CFD002FD429 /* PBXContainerItemProxy */;
		};
		D139FBAA144FE003006D0797 /* PBXTargetDependency */ = {
			isa = PBXTargetDependency;
			target = D139FB88144FE003006D0797 /* AstroCalendar */;
			targetProxy = D139FBA9144FE003006D0797 /* PBXContainerItemProxy */;
		};
/* End PBXTargetDependency section */

/* Begin PBXVariantGroup section */
		D139FB96144FE003006D0797 /* InfoPlist.strings */ = {
			isa = PBXVariantGroup;
			children = (
				D139FB97144FE003006D0797 /* en */,
			);
			name = InfoPlist.strings;
			sourceTree = "<group>";
		};
		D139FBAE144FE003006D0797 /* InfoPlist.strings */ = {
			isa = PBXVariantGroup;
			children = (
				D139FBAF144FE003006D0797 /* en */,
			);
			name = InfoPlist.strings;
			sourceTree = "<group>";
		};
		D16D43151456388D0047347D /* AstroCalendarMainViewController_iPad.xib */ = {
			isa = PBXVariantGroup;
			children = (
				D16D43161456388D0047347D /* en */,
			);
			name = AstroCalendarMainViewController_iPad.xib;
			sourceTree = "<group>";
		};
/* End PBXVariantGroup section */

/* Begin XCBuildConfiguration section */
		D139FBB4144FE003006D0797 /* Debug */ = {
			isa = XCBuildConfiguration;
			buildSettings = {
				ALWAYS_SEARCH_USER_PATHS = NO;
				ARCHS = "$(ARCHS_STANDARD_32_BIT)";
				CLANG_ENABLE_OBJC_ARC = YES;
				"CODE_SIGN_IDENTITY[sdk=iphoneos*]" = "iPhone Developer";
				COPY_PHASE_STRIP = NO;
				GCC_C_LANGUAGE_STANDARD = gnu99;
				GCC_DYNAMIC_NO_PIC = NO;
				GCC_OPTIMIZATION_LEVEL = 0;
				GCC_PREPROCESSOR_DEFINITIONS = (
					"DEBUG=1",
					"$(inherited)",
				);
				GCC_SYMBOLS_PRIVATE_EXTERN = NO;
				GCC_VERSION = com.apple.compilers.llvm.clang.1_0;
				GCC_WARN_ABOUT_MISSING_PROTOTYPES = YES;
				GCC_WARN_ABOUT_RETURN_TYPE = YES;
				GCC_WARN_UNUSED_VARIABLE = YES;
				IPHONEOS_DEPLOYMENT_TARGET = 5.0;
				SDKROOT = iphoneos;
				TARGETED_DEVICE_FAMILY = "1,2";
			};
			name = Debug;
		};
		D139FBB5144FE003006D0797 /* Release */ = {
			isa = XCBuildConfiguration;
			buildSettings = {
				ALWAYS_SEARCH_USER_PATHS = NO;
				ARCHS = "$(ARCHS_STANDARD_32_BIT)";
				CLANG_ENABLE_OBJC_ARC = YES;
				"CODE_SIGN_IDENTITY[sdk=iphoneos*]" = "iPhone Developer";
				COPY_PHASE_STRIP = YES;
				GCC_C_LANGUAGE_STANDARD = gnu99;
				GCC_VERSION = com.apple.compilers.llvm.clang.1_0;
				GCC_WARN_ABOUT_MISSING_PROTOTYPES = YES;
				GCC_WARN_ABOUT_RETURN_TYPE = YES;
				GCC_WARN_UNUSED_VARIABLE = YES;
				IPHONEOS_DEPLOYMENT_TARGET = 5.0;
				OTHER_CFLAGS = "-DNS_BLOCK_ASSERTIONS=1";
				SDKROOT = iphoneos;
				TARGETED_DEVICE_FAMILY = "1,2";
				VALIDATE_PRODUCT = YES;
			};
			name = Release;
		};
		D139FBB7144FE003006D0797 /* Debug */ = {
			isa = XCBuildConfiguration;
			buildSettings = {
				GCC_PRECOMPILE_PREFIX_HEADER = YES;
				GCC_PREFIX_HEADER = "AstroCalendar/AstroCalendar-Prefix.pch";
				HEADER_SEARCH_PATHS = ../Tapku/src;
				INFOPLIST_FILE = "AstroCalendar/AstroCalendar-Info.plist";
				LIBRARY_SEARCH_PATHS = (
					"$(inherited)",
					"\"$(SRCROOT)/../../../../Library/Developer/Xcode/DerivedData/COSC_310_XCode_Workspace-drsoracbgzmnaafliouveymebptj/Build/Products/Debug-iphoneos\"",
				);
				OTHER_LDFLAGS = (
					"-ObjC",
					"-all_load",
				);
				PRODUCT_NAME = "$(TARGET_NAME)";
				USER_HEADER_SEARCH_PATHS = "";
				WRAPPER_EXTENSION = app;
			};
			name = Debug;
		};
		D139FBB8144FE003006D0797 /* Release */ = {
			isa = XCBuildConfiguration;
			buildSettings = {
				GCC_PRECOMPILE_PREFIX_HEADER = YES;
				GCC_PREFIX_HEADER = "AstroCalendar/AstroCalendar-Prefix.pch";
				HEADER_SEARCH_PATHS = ../Tapku/src;
				INFOPLIST_FILE = "AstroCalendar/AstroCalendar-Info.plist";
				LIBRARY_SEARCH_PATHS = (
					"$(inherited)",
					"\"$(SRCROOT)/../../../../Library/Developer/Xcode/DerivedData/COSC_310_XCode_Workspace-drsoracbgzmnaafliouveymebptj/Build/Products/Debug-iphoneos\"",
				);
				OTHER_LDFLAGS = (
					"-ObjC",
					"-all_load",
				);
				PRODUCT_NAME = "$(TARGET_NAME)";
				USER_HEADER_SEARCH_PATHS = "";
				WRAPPER_EXTENSION = app;
			};
			name = Release;
		};
		D139FBBA144FE003006D0797 /* Debug */ = {
			isa = XCBuildConfiguration;
			buildSettings = {
				BUNDLE_LOADER = "$(BUILT_PRODUCTS_DIR)/AstroCalendar.app/AstroCalendar";
				FRAMEWORK_SEARCH_PATHS = (
					"$(SDKROOT)/Developer/Library/Frameworks",
					"$(DEVELOPER_LIBRARY_DIR)/Frameworks",
				);
				GCC_PRECOMPILE_PREFIX_HEADER = YES;
				GCC_PREFIX_HEADER = "AstroCalendar/AstroCalendar-Prefix.pch";
				INFOPLIST_FILE = "AstroCalendarTests/AstroCalendarTests-Info.plist";
				PRODUCT_NAME = "$(TARGET_NAME)";
				TEST_HOST = "$(BUNDLE_LOADER)";
				WRAPPER_EXTENSION = octest;
			};
			name = Debug;
		};
		D139FBBB144FE003006D0797 /* Release */ = {
			isa = XCBuildConfiguration;
			buildSettings = {
				BUNDLE_LOADER = "$(BUILT_PRODUCTS_DIR)/AstroCalendar.app/AstroCalendar";
				FRAMEWORK_SEARCH_PATHS = (
					"$(SDKROOT)/Developer/Library/Frameworks",
					"$(DEVELOPER_LIBRARY_DIR)/Frameworks",
				);
				GCC_PRECOMPILE_PREFIX_HEADER = YES;
				GCC_PREFIX_HEADER = "AstroCalendar/AstroCalendar-Prefix.pch";
				INFOPLIST_FILE = "AstroCalendarTests/AstroCalendarTests-Info.plist";
				PRODUCT_NAME = "$(TARGET_NAME)";
				TEST_HOST = "$(BUNDLE_LOADER)";
				WRAPPER_EXTENSION = octest;
			};
			name = Release;
		};
/* End XCBuildConfiguration section */

/* Begin XCConfigurationList section */
		D139FB83144FE003006D0797 /* Build configuration list for PBXProject "AstroCalendar" */ = {
			isa = XCConfigurationList;
			buildConfigurations = (
				D139FBB4144FE003006D0797 /* Debug */,
				D139FBB5144FE003006D0797 /* Release */,
			);
			defaultConfigurationIsVisible = 0;
			defaultConfigurationName = Release;
		};
		D139FBB6144FE003006D0797 /* Build configuration list for PBXNativeTarget "AstroCalendar" */ = {
			isa = XCConfigurationList;
			buildConfigurations = (
				D139FBB7144FE003006D0797 /* Debug */,
				D139FBB8144FE003006D0797 /* Release */,
			);
			defaultConfigurationIsVisible = 0;
			defaultConfigurationName = Release;
		};
		D139FBB9144FE003006D0797 /* Build configuration list for PBXNativeTarget "AstroCalendarTests" */ = {
			isa = XCConfigurationList;
			buildConfigurations = (
				D139FBBA144FE003006D0797 /* Debug */,
				D139FBBB144FE003006D0797 /* Release */,
			);
			defaultConfigurationIsVisible = 0;
			defaultConfigurationName = Release;
		};
/* End XCConfigurationList section */
	};
	rootObject = D139FB80144FE003006D0797 /* Project object */;
}
