// !$*UTF8*$!
{
	archiveVersion = 1;
	classes = {
	};
	objectVersion = 46;
	objects = {

/* Begin PBXBuildFile section */
		7ABABF901475C29F000EEA7B /* DayContainer.m in Sources */ = {isa = PBXBuildFile; fileRef = 7ABABF881475C29F000EEA7B /* DayContainer.m */; };
		7ABABF911475C29F000EEA7B /* MasterDataHandler.m in Sources */ = {isa = PBXBuildFile; fileRef = 7ABABF8A1475C29F000EEA7B /* MasterDataHandler.m */; };
		7ABABF921475C29F000EEA7B /* MonthDataIndexer.m in Sources */ = {isa = PBXBuildFile; fileRef = 7ABABF8D1475C29F000EEA7B /* MonthDataIndexer.m */; };
		7ABABF931475C29F000EEA7B /* RingBuffer.m in Sources */ = {isa = PBXBuildFile; fileRef = 7ABABF8F1475C29F000EEA7B /* RingBuffer.m */; };
		D1049A5A14527C07002FD429 /* libTapkuLibrary.a in Frameworks */ = {isa = PBXBuildFile; fileRef = D1049A5714527BD6002FD429 /* libTapkuLibrary.a */; };
		D1049A5C14527CF3002FD429 /* QuartzCore.framework in Frameworks */ = {isa = PBXBuildFile; fileRef = D1049A5B14527CF3002FD429 /* QuartzCore.framework */; };
		D1049A6014527D16002FD429 /* MapKit.framework in Frameworks */ = {isa = PBXBuildFile; fileRef = D1049A5F14527D16002FD429 /* MapKit.framework */; };
		D1049A6D14528437002FD429 /* TapkuLibrary.bundle in Resources */ = {isa = PBXBuildFile; fileRef = D1049A6C14528437002FD429 /* TapkuLibrary.bundle */; };
		D10D64DB14606FA90053B016 /* AstroCalendarMoonViewController.m in Sources */ = {isa = PBXBuildFile; fileRef = D10D64D914606FA90053B016 /* AstroCalendarMoonViewController.m */; };
		D10D64DF146074B20053B016 /* AstroCalendarMoonViewCell.m in Sources */ = {isa = PBXBuildFile; fileRef = D10D64DE146074B20053B016 /* AstroCalendarMoonViewCell.m */; };
		D10D64EA1460A4660053B016 /* AstroCalendarMoonViewCell_iPhone.xib in Resources */ = {isa = PBXBuildFile; fileRef = D10D64E91460A4660053B016 /* AstroCalendarMoonViewCell_iPhone.xib */; };
		D10D64FE1461C4A70053B016 /* AstroCalendarDayViewController_iPhone.xib in Resources */ = {isa = PBXBuildFile; fileRef = D10D64FC1461C4A70053B016 /* AstroCalendarDayViewController_iPhone.xib */; };
		D10D65021461CDC20053B016 /* AstroCalendarSunViewController.m in Sources */ = {isa = PBXBuildFile; fileRef = D10D65001461CDC10053B016 /* AstroCalendarSunViewController.m */; };
		D10D65051461FD8C0053B016 /* AstroCalendarDayViewController.m in Sources */ = {isa = PBXBuildFile; fileRef = D10D65041461FD8C0053B016 /* AstroCalendarDayViewController.m */; };
		D10D651D146474180053B016 /* JSONKit.m in Sources */ = {isa = PBXBuildFile; fileRef = D10D651C146474180053B016 /* JSONKit.m */; settings = {COMPILER_FLAGS = "-fno-objc-arc"; }; };
		D10D6528146474650053B016 /* AFHTTPClient.m in Sources */ = {isa = PBXBuildFile; fileRef = D10D651E146474630053B016 /* AFHTTPClient.m */; settings = {COMPILER_FLAGS = "-fno-objc-arc"; }; };
		D10D6529146474660053B016 /* AFHTTPRequestOperation.m in Sources */ = {isa = PBXBuildFile; fileRef = D10D651F146474630053B016 /* AFHTTPRequestOperation.m */; settings = {COMPILER_FLAGS = "-fno-objc-arc"; }; };
		D10D652A146474660053B016 /* AFImageCache.m in Sources */ = {isa = PBXBuildFile; fileRef = D10D6520146474640053B016 /* AFImageCache.m */; settings = {COMPILER_FLAGS = "-fno-objc-arc"; }; };
		D10D652B146474660053B016 /* AFImageRequestOperation.m in Sources */ = {isa = PBXBuildFile; fileRef = D10D6521146474640053B016 /* AFImageRequestOperation.m */; settings = {COMPILER_FLAGS = "-fno-objc-arc"; }; };
		D10D652C146474660053B016 /* AFJSONRequestOperation.m in Sources */ = {isa = PBXBuildFile; fileRef = D10D6522146474640053B016 /* AFJSONRequestOperation.m */; settings = {COMPILER_FLAGS = "-fno-objc-arc"; }; };
		D10D652D146474660053B016 /* AFNetworkActivityIndicatorManager.m in Sources */ = {isa = PBXBuildFile; fileRef = D10D6523146474640053B016 /* AFNetworkActivityIndicatorManager.m */; settings = {COMPILER_FLAGS = "-fno-objc-arc"; }; };
		D10D652E146474660053B016 /* AFPropertyListRequestOperation.m in Sources */ = {isa = PBXBuildFile; fileRef = D10D6524146474640053B016 /* AFPropertyListRequestOperation.m */; settings = {COMPILER_FLAGS = "-fno-objc-arc"; }; };
		D10D652F146474660053B016 /* AFURLConnectionOperation.m in Sources */ = {isa = PBXBuildFile; fileRef = D10D6525146474650053B016 /* AFURLConnectionOperation.m */; settings = {COMPILER_FLAGS = "-fno-objc-arc"; }; };
		D10D6530146474660053B016 /* AFXMLRequestOperation.m in Sources */ = {isa = PBXBuildFile; fileRef = D10D6526146474650053B016 /* AFXMLRequestOperation.m */; settings = {COMPILER_FLAGS = "-fno-objc-arc"; }; };
		D10D6531146474660053B016 /* UIImageView+AFNetworking.m in Sources */ = {isa = PBXBuildFile; fileRef = D10D6527146474650053B016 /* UIImageView+AFNetworking.m */; settings = {COMPILER_FLAGS = "-fno-objc-arc"; }; };
		D139FB8E144FE003006D0797 /* UIKit.framework in Frameworks */ = {isa = PBXBuildFile; fileRef = D139FB8D144FE003006D0797 /* UIKit.framework */; };
		D139FB90144FE003006D0797 /* Foundation.framework in Frameworks */ = {isa = PBXBuildFile; fileRef = D139FB8F144FE003006D0797 /* Foundation.framework */; };
		D139FB92144FE003006D0797 /* CoreGraphics.framework in Frameworks */ = {isa = PBXBuildFile; fileRef = D139FB91144FE003006D0797 /* CoreGraphics.framework */; };
		D139FB98144FE003006D0797 /* InfoPlist.strings in Resources */ = {isa = PBXBuildFile; fileRef = D139FB96144FE003006D0797 /* InfoPlist.strings */; };
		D139FB9A144FE003006D0797 /* main.m in Sources */ = {isa = PBXBuildFile; fileRef = D139FB99144FE003006D0797 /* main.m */; };
		D139FB9E144FE003006D0797 /* AstroCalendarAppDelegate.m in Sources */ = {isa = PBXBuildFile; fileRef = D139FB9D144FE003006D0797 /* AstroCalendarAppDelegate.m */; };
		D139FBA6144FE003006D0797 /* SenTestingKit.framework in Frameworks */ = {isa = PBXBuildFile; fileRef = D139FBA5144FE003006D0797 /* SenTestingKit.framework */; };
		D139FBA7144FE003006D0797 /* UIKit.framework in Frameworks */ = {isa = PBXBuildFile; fileRef = D139FB8D144FE003006D0797 /* UIKit.framework */; };
		D139FBA8144FE003006D0797 /* Foundation.framework in Frameworks */ = {isa = PBXBuildFile; fileRef = D139FB8F144FE003006D0797 /* Foundation.framework */; };
		D139FBB0144FE003006D0797 /* InfoPlist.strings in Resources */ = {isa = PBXBuildFile; fileRef = D139FBAE144FE003006D0797 /* InfoPlist.strings */; };
		D139FBB3144FE003006D0797 /* AstroCalendarTests.m in Sources */ = {isa = PBXBuildFile; fileRef = D139FBB2144FE003006D0797 /* AstroCalendarTests.m */; };
		D13ED634145B656300E0731F /* AstroCalendarSelectDateViewController.m in Sources */ = {isa = PBXBuildFile; fileRef = D13ED632145B656300E0731F /* AstroCalendarSelectDateViewController.m */; };
		D13ED635145B656300E0731F /* AstroCalendarSelectDateViewController_iPhone.xib in Resources */ = {isa = PBXBuildFile; fileRef = D13ED633145B656300E0731F /* AstroCalendarSelectDateViewController_iPhone.xib */; };
		D14137FC14770DE600019F8A /* DateRangeRequest.m in Sources */ = {isa = PBXBuildFile; fileRef = D14137FB14770DE600019F8A /* DateRangeRequest.m */; };
		D14137FD14770DE600019F8A /* DateRangeRequest.m in Sources */ = {isa = PBXBuildFile; fileRef = D14137FB14770DE600019F8A /* DateRangeRequest.m */; };
		D142F6141475C84900852C07 /* SectionData.m in Sources */ = {isa = PBXBuildFile; fileRef = D142F6131475C84900852C07 /* SectionData.m */; };
		D142F6151475C84900852C07 /* SectionData.m in Sources */ = {isa = PBXBuildFile; fileRef = D142F6131475C84900852C07 /* SectionData.m */; };
		D151845A1475C94100AA0A41 /* Settings.plist in Resources */ = {isa = PBXBuildFile; fileRef = D15184591475C94100AA0A41 /* Settings.plist */; };
		D151845B1475C94100AA0A41 /* Settings.plist in Resources */ = {isa = PBXBuildFile; fileRef = D15184591475C94100AA0A41 /* Settings.plist */; };
		D1AD7A171464ABE100B45C94 /* UINavigationController+UniqueStack.m in Sources */ = {isa = PBXBuildFile; fileRef = D1AD7A161464ABE100B45C94 /* UINavigationController+UniqueStack.m */; };
/* End PBXBuildFile section */

/* Begin PBXContainerItemProxy section */
		D1049A5614527BD6002FD429 /* PBXContainerItemProxy */ = {
			isa = PBXContainerItemProxy;
			containerPortal = D1049A4E14527BD6002FD429 /* TapkuLibrary.xcodeproj */;
			proxyType = 2;
			remoteGlobalIDString = D2AAC07E0554694100DB518D;
			remoteInfo = TapkuLibrary;
		};
		D1049A5814527BD6002FD429 /* PBXContainerItemProxy */ = {
			isa = PBXContainerItemProxy;
			containerPortal = D1049A4E14527BD6002FD429 /* TapkuLibrary.xcodeproj */;
			proxyType = 2;
			remoteGlobalIDString = 3B45DDF1134C736600D24C1A;
			remoteInfo = LogicTests;
		};
		D1049A5D14527CFD002FD429 /* PBXContainerItemProxy */ = {
			isa = PBXContainerItemProxy;
			containerPortal = D1049A4E14527BD6002FD429 /* TapkuLibrary.xcodeproj */;
			proxyType = 1;
			remoteGlobalIDString = D2AAC07D0554694100DB518D;
			remoteInfo = TapkuLibrary;
		};
		D139FBA9144FE003006D0797 /* PBXContainerItemProxy */ = {
			isa = PBXContainerItemProxy;
			containerPortal = D139FB80144FE003006D0797 /* Project object */;
			proxyType = 1;
			remoteGlobalIDString = D139FB88144FE003006D0797;
			remoteInfo = AstroCalendar;
		};
/* End PBXContainerItemProxy section */

/* Begin PBXFileReference section */
		7ABABF871475C29F000EEA7B /* DayContainer.h */ = {isa = PBXFileReference; fileEncoding = 4; lastKnownFileType = sourcecode.c.h; path = DayContainer.h; sourceTree = "<group>"; };
		7ABABF881475C29F000EEA7B /* DayContainer.m */ = {isa = PBXFileReference; fileEncoding = 4; lastKnownFileType = sourcecode.c.objc; path = DayContainer.m; sourceTree = "<group>"; };
		7ABABF891475C29F000EEA7B /* MasterDataHandler.h */ = {isa = PBXFileReference; fileEncoding = 4; lastKnownFileType = sourcecode.c.h; path = MasterDataHandler.h; sourceTree = "<group>"; };
		7ABABF8A1475C29F000EEA7B /* MasterDataHandler.m */ = {isa = PBXFileReference; fileEncoding = 4; lastKnownFileType = sourcecode.c.objc; path = MasterDataHandler.m; sourceTree = "<group>"; };
		7ABABF8B1475C29F000EEA7B /* MasterDataHandlerDelegate.h */ = {isa = PBXFileReference; fileEncoding = 4; lastKnownFileType = sourcecode.c.h; path = MasterDataHandlerDelegate.h; sourceTree = "<group>"; };
		7ABABF8C1475C29F000EEA7B /* MonthDataIndexer.h */ = {isa = PBXFileReference; fileEncoding = 4; lastKnownFileType = sourcecode.c.h; path = MonthDataIndexer.h; sourceTree = "<group>"; };
		7ABABF8D1475C29F000EEA7B /* MonthDataIndexer.m */ = {isa = PBXFileReference; fileEncoding = 4; lastKnownFileType = sourcecode.c.objc; path = MonthDataIndexer.m; sourceTree = "<group>"; };
		7ABABF8E1475C29F000EEA7B /* RingBuffer.h */ = {isa = PBXFileReference; fileEncoding = 4; lastKnownFileType = sourcecode.c.h; path = RingBuffer.h; sourceTree = "<group>"; };
		7ABABF8F1475C29F000EEA7B /* RingBuffer.m */ = {isa = PBXFileReference; fileEncoding = 4; lastKnownFileType = sourcecode.c.objc; path = RingBuffer.m; sourceTree = "<group>"; };
		D1049A4E14527BD6002FD429 /* TapkuLibrary.xcodeproj */ = {isa = PBXFileReference; lastKnownFileType = "wrapper.pb-project"; name = TapkuLibrary.xcodeproj; path = ../Tapku/src/TapkuLibrary.xcodeproj; sourceTree = "<group>"; };
		D1049A5B14527CF3002FD429 /* QuartzCore.framework */ = {isa = PBXFileReference; lastKnownFileType = wrapper.framework; name = QuartzCore.framework; path = System/Library/Frameworks/QuartzCore.framework; sourceTree = SDKROOT; };
		D1049A5F14527D16002FD429 /* MapKit.framework */ = {isa = PBXFileReference; lastKnownFileType = wrapper.framework; name = MapKit.framework; path = System/Library/Frameworks/MapKit.framework; sourceTree = SDKROOT; };
		D1049A6C14528437002FD429 /* TapkuLibrary.bundle */ = {isa = PBXFileReference; lastKnownFileType = "wrapper.plug-in"; name = TapkuLibrary.bundle; path = ../Tapku/src/TapkuLibrary.bundle; sourceTree = "<group>"; };
		D10D64D814606FA90053B016 /* AstroCalendarMoonViewController.h */ = {isa = PBXFileReference; fileEncoding = 4; lastKnownFileType = sourcecode.c.h; path = AstroCalendarMoonViewController.h; sourceTree = "<group>"; };
		D10D64D914606FA90053B016 /* AstroCalendarMoonViewController.m */ = {isa = PBXFileReference; fileEncoding = 4; lastKnownFileType = sourcecode.c.objc; path = AstroCalendarMoonViewController.m; sourceTree = "<group>"; };
		D10D64DD146074B20053B016 /* AstroCalendarMoonViewCell.h */ = {isa = PBXFileReference; fileEncoding = 4; lastKnownFileType = sourcecode.c.h; path = AstroCalendarMoonViewCell.h; sourceTree = "<group>"; };
		D10D64DE146074B20053B016 /* AstroCalendarMoonViewCell.m */ = {isa = PBXFileReference; fileEncoding = 4; lastKnownFileType = sourcecode.c.objc; path = AstroCalendarMoonViewCell.m; sourceTree = "<group>"; };
		D10D64E91460A4660053B016 /* AstroCalendarMoonViewCell_iPhone.xib */ = {isa = PBXFileReference; fileEncoding = 4; lastKnownFileType = file.xib; name = AstroCalendarMoonViewCell_iPhone.xib; path = en.lproj/AstroCalendarMoonViewCell_iPhone.xib; sourceTree = "<group>"; };
		D10D64FA1461C4A60053B016 /* AstroCalendarDayViewController.h */ = {isa = PBXFileReference; fileEncoding = 4; lastKnownFileType = sourcecode.c.h; path = AstroCalendarDayViewController.h; sourceTree = "<group>"; };
		D10D64FC1461C4A70053B016 /* AstroCalendarDayViewController_iPhone.xib */ = {isa = PBXFileReference; fileEncoding = 4; lastKnownFileType = file.xib; name = AstroCalendarDayViewController_iPhone.xib; path = en.lproj/AstroCalendarDayViewController_iPhone.xib; sourceTree = "<group>"; };
		D10D64FF1461CDC10053B016 /* AstroCalendarSunViewController.h */ = {isa = PBXFileReference; fileEncoding = 4; lastKnownFileType = sourcecode.c.h; path = AstroCalendarSunViewController.h; sourceTree = "<group>"; };
		D10D65001461CDC10053B016 /* AstroCalendarSunViewController.m */ = {isa = PBXFileReference; fileEncoding = 4; lastKnownFileType = sourcecode.c.objc; path = AstroCalendarSunViewController.m; sourceTree = "<group>"; };
		D10D65041461FD8C0053B016 /* AstroCalendarDayViewController.m */ = {isa = PBXFileReference; fileEncoding = 4; lastKnownFileType = sourcecode.c.objc; path = AstroCalendarDayViewController.m; sourceTree = "<group>"; };
		D10D651C146474180053B016 /* JSONKit.m */ = {isa = PBXFileReference; lastKnownFileType = sourcecode.c.objc; name = JSONKit.m; path = ../JSONKit/JSONKit.m; sourceTree = "<group>"; };
		D10D651E146474630053B016 /* AFHTTPClient.m */ = {isa = PBXFileReference; lastKnownFileType = sourcecode.c.objc; name = AFHTTPClient.m; path = ../AFNetworking/AFNetworking/AFHTTPClient.m; sourceTree = "<group>"; };
		D10D651F146474630053B016 /* AFHTTPRequestOperation.m */ = {isa = PBXFileReference; lastKnownFileType = sourcecode.c.objc; name = AFHTTPRequestOperation.m; path = ../AFNetworking/AFNetworking/AFHTTPRequestOperation.m; sourceTree = "<group>"; };
		D10D6520146474640053B016 /* AFImageCache.m */ = {isa = PBXFileReference; lastKnownFileType = sourcecode.c.objc; name = AFImageCache.m; path = ../AFNetworking/AFNetworking/AFImageCache.m; sourceTree = "<group>"; };
		D10D6521146474640053B016 /* AFImageRequestOperation.m */ = {isa = PBXFileReference; lastKnownFileType = sourcecode.c.objc; name = AFImageRequestOperation.m; path = ../AFNetworking/AFNetworking/AFImageRequestOperation.m; sourceTree = "<group>"; };
		D10D6522146474640053B016 /* AFJSONRequestOperation.m */ = {isa = PBXFileReference; lastKnownFileType = sourcecode.c.objc; name = AFJSONRequestOperation.m; path = ../AFNetworking/AFNetworking/AFJSONRequestOperation.m; sourceTree = "<group>"; };
		D10D6523146474640053B016 /* AFNetworkActivityIndicatorManager.m */ = {isa = PBXFileReference; lastKnownFileType = sourcecode.c.objc; name = AFNetworkActivityIndicatorManager.m; path = ../AFNetworking/AFNetworking/AFNetworkActivityIndicatorManager.m; sourceTree = "<group>"; };
		D10D6524146474640053B016 /* AFPropertyListRequestOperation.m */ = {isa = PBXFileReference; lastKnownFileType = sourcecode.c.objc; name = AFPropertyListRequestOperation.m; path = ../AFNetworking/AFNetworking/AFPropertyListRequestOperation.m; sourceTree = "<group>"; };
		D10D6525146474650053B016 /* AFURLConnectionOperation.m */ = {isa = PBXFileReference; lastKnownFileType = sourcecode.c.objc; name = AFURLConnectionOperation.m; path = ../AFNetworking/AFNetworking/AFURLConnectionOperation.m; sourceTree = "<group>"; };
		D10D6526146474650053B016 /* AFXMLRequestOperation.m */ = {isa = PBXFileReference; lastKnownFileType = sourcecode.c.objc; name = AFXMLRequestOperation.m; path = ../AFNetworking/AFNetworking/AFXMLRequestOperation.m; sourceTree = "<group>"; };
		D10D6527146474650053B016 /* UIImageView+AFNetworking.m */ = {isa = PBXFileReference; lastKnownFileType = sourcecode.c.objc; name = "UIImageView+AFNetworking.m"; path = "../AFNetworking/AFNetworking/UIImageView+AFNetworking.m"; sourceTree = "<group>"; };
		D139FB89144FE003006D0797 /* AstroCalendar.app */ = {isa = PBXFileReference; explicitFileType = wrapper.application; includeInIndex = 0; path = AstroCalendar.app; sourceTree = BUILT_PRODUCTS_DIR; };
		D139FB8D144FE003006D0797 /* UIKit.framework */ = {isa = PBXFileReference; lastKnownFileType = wrapper.framework; name = UIKit.framework; path = System/Library/Frameworks/UIKit.framework; sourceTree = SDKROOT; };
		D139FB8F144FE003006D0797 /* Foundation.framework */ = {isa = PBXFileReference; lastKnownFileType = wrapper.framework; name = Foundation.framework; path = System/Library/Frameworks/Foundation.framework; sourceTree = SDKROOT; };
		D139FB91144FE003006D0797 /* CoreGraphics.framework */ = {isa = PBXFileReference; lastKnownFileType = wrapper.framework; name = CoreGraphics.framework; path = System/Library/Frameworks/CoreGraphics.framework; sourceTree = SDKROOT; };
		D139FB95144FE003006D0797 /* AstroCalendar-Info.plist */ = {isa = PBXFileReference; lastKnownFileType = text.plist.xml; path = "AstroCalendar-Info.plist"; sourceTree = "<group>"; };
		D139FB97144FE003006D0797 /* en */ = {isa = PBXFileReference; lastKnownFileType = text.plist.strings; name = en; path = en.lproj/InfoPlist.strings; sourceTree = "<group>"; };
		D139FB99144FE003006D0797 /* main.m */ = {isa = PBXFileReference; lastKnownFileType = sourcecode.c.objc; path = main.m; sourceTree = "<group>"; };
		D139FB9B144FE003006D0797 /* AstroCalendar-Prefix.pch */ = {isa = PBXFileReference; lastKnownFileType = sourcecode.c.h; path = "AstroCalendar-Prefix.pch"; sourceTree = "<group>"; };
		D139FB9C144FE003006D0797 /* AstroCalendarAppDelegate.h */ = {isa = PBXFileReference; lastKnownFileType = sourcecode.c.h; path = AstroCalendarAppDelegate.h; sourceTree = "<group>"; };
		D139FB9D144FE003006D0797 /* AstroCalendarAppDelegate.m */ = {isa = PBXFileReference; lastKnownFileType = sourcecode.c.objc; path = AstroCalendarAppDelegate.m; sourceTree = "<group>"; };
		D139FBA4144FE003006D0797 /* AstroCalendarTests.octest */ = {isa = PBXFileReference; explicitFileType = wrapper.cfbundle; includeInIndex = 0; path = AstroCalendarTests.octest; sourceTree = BUILT_PRODUCTS_DIR; };
		D139FBA5144FE003006D0797 /* SenTestingKit.framework */ = {isa = PBXFileReference; lastKnownFileType = wrapper.framework; name = SenTestingKit.framework; path = Library/Frameworks/SenTestingKit.framework; sourceTree = DEVELOPER_DIR; };
		D139FBAD144FE003006D0797 /* AstroCalendarTests-Info.plist */ = {isa = PBXFileReference; lastKnownFileType = text.plist.xml; path = "AstroCalendarTests-Info.plist"; sourceTree = "<group>"; };
		D139FBAF144FE003006D0797 /* en */ = {isa = PBXFileReference; lastKnownFileType = text.plist.strings; name = en; path = en.lproj/InfoPlist.strings; sourceTree = "<group>"; };
		D139FBB1144FE003006D0797 /* AstroCalendarTests.h */ = {isa = PBXFileReference; lastKnownFileType = sourcecode.c.h; path = AstroCalendarTests.h; sourceTree = "<group>"; };
		D139FBB2144FE003006D0797 /* AstroCalendarTests.m */ = {isa = PBXFileReference; lastKnownFileType = sourcecode.c.objc; path = AstroCalendarTests.m; sourceTree = "<group>"; };
		D13ED631145B656300E0731F /* AstroCalendarSelectDateViewController.h */ = {isa = PBXFileReference; fileEncoding = 4; lastKnownFileType = sourcecode.c.h; path = AstroCalendarSelectDateViewController.h; sourceTree = "<group>"; };
		D13ED632145B656300E0731F /* AstroCalendarSelectDateViewController.m */ = {isa = PBXFileReference; fileEncoding = 4; lastKnownFileType = sourcecode.c.objc; path = AstroCalendarSelectDateViewController.m; sourceTree = "<group>"; };
		D13ED633145B656300E0731F /* AstroCalendarSelectDateViewController_iPhone.xib */ = {isa = PBXFileReference; fileEncoding = 4; lastKnownFileType = file.xib; name = AstroCalendarSelectDateViewController_iPhone.xib; path = en.lproj/AstroCalendarSelectDateViewController_iPhone.xib; sourceTree = "<group>"; };
		D14137FA14770DE600019F8A /* DateRangeRequest.h */ = {isa = PBXFileReference; fileEncoding = 4; lastKnownFileType = sourcecode.c.h; path = DateRangeRequest.h; sourceTree = "<group>"; };
		D14137FB14770DE600019F8A /* DateRangeRequest.m */ = {isa = PBXFileReference; fileEncoding = 4; lastKnownFileType = sourcecode.c.objc; path = DateRangeRequest.m; sourceTree = "<group>"; };
		D142F6121475C84800852C07 /* SectionData.h */ = {isa = PBXFileReference; fileEncoding = 4; lastKnownFileType = sourcecode.c.h; path = SectionData.h; sourceTree = "<group>"; };
		D142F6131475C84900852C07 /* SectionData.m */ = {isa = PBXFileReference; fileEncoding = 4; lastKnownFileType = sourcecode.c.objc; path = SectionData.m; sourceTree = "<group>"; };
		D15184591475C94100AA0A41 /* Settings.plist */ = {isa = PBXFileReference; fileEncoding = 4; lastKnownFileType = text.plist.xml; path = Settings.plist; sourceTree = "<group>"; };
		D1AD7A151464ABE100B45C94 /* UINavigationController+UniqueStack.h */ = {isa = PBXFileReference; fileEncoding = 4; lastKnownFileType = sourcecode.c.h; path = "UINavigationController+UniqueStack.h"; sourceTree = "<group>"; };
		D1AD7A161464ABE100B45C94 /* UINavigationController+UniqueStack.m */ = {isa = PBXFileReference; fileEncoding = 4; lastKnownFileType = sourcecode.c.objc; path = "UINavigationController+UniqueStack.m"; sourceTree = "<group>"; };
/* End PBXFileReference section */

/* Begin PBXFrameworksBuildPhase section */
		D139FB86144FE003006D0797 /* Frameworks */ = {
			isa = PBXFrameworksBuildPhase;
			buildActionMask = 2147483647;
			files = (
				D1049A6014527D16002FD429 /* MapKit.framework in Frameworks */,
				D1049A5C14527CF3002FD429 /* QuartzCore.framework in Frameworks */,
				D1049A5A14527C07002FD429 /* libTapkuLibrary.a in Frameworks */,
				D139FB8E144FE003006D0797 /* UIKit.framework in Frameworks */,
				D139FB90144FE003006D0797 /* Foundation.framework in Frameworks */,
				D139FB92144FE003006D0797 /* CoreGraphics.framework in Frameworks */,
			);
			runOnlyForDeploymentPostprocessing = 0;
		};
		D139FBA0144FE003006D0797 /* Frameworks */ = {
			isa = PBXFrameworksBuildPhase;
			buildActionMask = 2147483647;
			files = (
				D139FBA6144FE003006D0797 /* SenTestingKit.framework in Frameworks */,
				D139FBA7144FE003006D0797 /* UIKit.framework in Frameworks */,
				D139FBA8144FE003006D0797 /* Foundation.framework in Frameworks */,
			);
			runOnlyForDeploymentPostprocessing = 0;
		};
/* End PBXFrameworksBuildPhase section */

/* Begin PBXGroup section */
		D1049A4F14527BD6002FD429 /* Products */ = {
			isa = PBXGroup;
			children = (
				D1049A5714527BD6002FD429 /* libTapkuLibrary.a */,
				D1049A5914527BD6002FD429 /* LogicTests.octest */,
			);
			name = Products;
			sourceTree = "<group>";
		};
		D10D64E21460A1460053B016 /* View Controllers */ = {
			isa = PBXGroup;
			children = (
				D1AD7A151464ABE100B45C94 /* UINavigationController+UniqueStack.h */,
				D1AD7A161464ABE100B45C94 /* UINavigationController+UniqueStack.m */,
				D10D65041461FD8C0053B016 /* AstroCalendarDayViewController.m */,
				D10D65001461CDC10053B016 /* AstroCalendarSunViewController.m */,
				D10D64FF1461CDC10053B016 /* AstroCalendarSunViewController.h */,
				D10D64FA1461C4A60053B016 /* AstroCalendarDayViewController.h */,
				D13ED631145B656300E0731F /* AstroCalendarSelectDateViewController.h */,
				D13ED632145B656300E0731F /* AstroCalendarSelectDateViewController.m */,
				D10D64D814606FA90053B016 /* AstroCalendarMoonViewController.h */,
				D10D64D914606FA90053B016 /* AstroCalendarMoonViewController.m */,
			);
			name = "View Controllers";
			sourceTree = "<group>";
		};
		D10D64E31460A19B0053B016 /* Views */ = {
			isa = PBXGroup;
			children = (
				D10D64DD146074B20053B016 /* AstroCalendarMoonViewCell.h */,
				D10D64DE146074B20053B016 /* AstroCalendarMoonViewCell.m */,
			);
			name = Views;
			sourceTree = "<group>";
		};
		D10D64E41460A1A70053B016 /* Model Classes */ = {
			isa = PBXGroup;
			children = (
				D142F6121475C84800852C07 /* SectionData.h */,
				D142F6131475C84900852C07 /* SectionData.m */,
				7ABABF871475C29F000EEA7B /* DayContainer.h */,
				7ABABF881475C29F000EEA7B /* DayContainer.m */,
				7ABABF891475C29F000EEA7B /* MasterDataHandler.h */,
				7ABABF8A1475C29F000EEA7B /* MasterDataHandler.m */,
				7ABABF8B1475C29F000EEA7B /* MasterDataHandlerDelegate.h */,
				7ABABF8C1475C29F000EEA7B /* MonthDataIndexer.h */,
				7ABABF8D1475C29F000EEA7B /* MonthDataIndexer.m */,
				7ABABF8E1475C29F000EEA7B /* RingBuffer.h */,
				7ABABF8F1475C29F000EEA7B /* RingBuffer.m */,
				D14137FA14770DE600019F8A /* DateRangeRequest.h */,
				D14137FB14770DE600019F8A /* DateRangeRequest.m */,
			);
			name = "Model Classes";
			sourceTree = "<group>";
		};
		D10D64F91460DA130053B016 /* NIBs */ = {
			isa = PBXGroup;
			children = (
				D10D64FC1461C4A70053B016 /* AstroCalendarDayViewController_iPhone.xib */,
				D10D64E91460A4660053B016 /* AstroCalendarMoonViewCell_iPhone.xib */,
				D13ED633145B656300E0731F /* AstroCalendarSelectDateViewController_iPhone.xib */,
			);
			name = NIBs;
			sourceTree = "<group>";
		};
		D10D65321464748E0053B016 /* JSONKit */ = {
			isa = PBXGroup;
			children = (
				D10D651C146474180053B016 /* JSONKit.m */,
			);
			name = JSONKit;
			sourceTree = "<group>";
		};
		D10D65331464749C0053B016 /* AFNetworking */ = {
			isa = PBXGroup;
			children = (
				D10D651E146474630053B016 /* AFHTTPClient.m */,
				D10D651F146474630053B016 /* AFHTTPRequestOperation.m */,
				D10D6520146474640053B016 /* AFImageCache.m */,
				D10D6521146474640053B016 /* AFImageRequestOperation.m */,
				D10D6522146474640053B016 /* AFJSONRequestOperation.m */,
				D10D6523146474640053B016 /* AFNetworkActivityIndicatorManager.m */,
				D10D6524146474640053B016 /* AFPropertyListRequestOperation.m */,
				D10D6525146474650053B016 /* AFURLConnectionOperation.m */,
				D10D6526146474650053B016 /* AFXMLRequestOperation.m */,
				D10D6527146474650053B016 /* UIImageView+AFNetworking.m */,
			);
			name = AFNetworking;
			sourceTree = "<group>";
		};
		D139FB7E144FE003006D0797 = {
			isa = PBXGroup;
			children = (
				D15184581475C94100AA0A41 /* Resources */,
				D10D65331464749C0053B016 /* AFNetworking */,
				D10D65321464748E0053B016 /* JSONKit */,
				D1049A6C14528437002FD429 /* TapkuLibrary.bundle */,
				D1049A5F14527D16002FD429 /* MapKit.framework */,
				D1049A5B14527CF3002FD429 /* QuartzCore.framework */,
				D1049A4E14527BD6002FD429 /* TapkuLibrary.xcodeproj */,
				D139FB93144FE003006D0797 /* AstroCalendar */,
				D139FBAB144FE003006D0797 /* AstroCalendarTests */,
				D139FB8C144FE003006D0797 /* Frameworks */,
				D139FB8A144FE003006D0797 /* Products */,
			);
			sourceTree = "<group>";
		};
		D139FB8A144FE003006D0797 /* Products */ = {
			isa = PBXGroup;
			children = (
				D139FB89144FE003006D0797 /* AstroCalendar.app */,
				D139FBA4144FE003006D0797 /* AstroCalendarTests.octest */,
			);
			name = Products;
			sourceTree = "<group>";
		};
		D139FB8C144FE003006D0797 /* Frameworks */ = {
			isa = PBXGroup;
			children = (
				D139FB8D144FE003006D0797 /* UIKit.framework */,
				D139FB8F144FE003006D0797 /* Foundation.framework */,
				D139FB91144FE003006D0797 /* CoreGraphics.framework */,
				D139FBA5144FE003006D0797 /* SenTestingKit.framework */,
			);
			name = Frameworks;
			sourceTree = "<group>";
		};
		D139FB93144FE003006D0797 /* AstroCalendar */ = {
			isa = PBXGroup;
			children = (
				D10D64E41460A1A70053B016 /* Model Classes */,
				D139FB9C144FE003006D0797 /* AstroCalendarAppDelegate.h */,
				D139FB9D144FE003006D0797 /* AstroCalendarAppDelegate.m */,
				D139FB94144FE003006D0797 /* Supporting Files */,
				D10D64E21460A1460053B016 /* View Controllers */,
				D10D64E31460A19B0053B016 /* Views */,
			);
			path = AstroCalendar;
			sourceTree = "<group>";
		};
		D139FB94144FE003006D0797 /* Supporting Files */ = {
			isa = PBXGroup;
			children = (
				D10D64F91460DA130053B016 /* NIBs */,
				D139FB95144FE003006D0797 /* AstroCalendar-Info.plist */,
				D139FB96144FE003006D0797 /* InfoPlist.strings */,
				D139FB99144FE003006D0797 /* main.m */,
				D139FB9B144FE003006D0797 /* AstroCalendar-Prefix.pch */,
			);
			name = "Supporting Files";
			sourceTree = "<group>";
		};
		D139FBAB144FE003006D0797 /* AstroCalendarTests */ = {
			isa = PBXGroup;
			children = (
				D139FBB1144FE003006D0797 /* AstroCalendarTests.h */,
				D139FBB2144FE003006D0797 /* AstroCalendarTests.m */,
				D139FBAC144FE003006D0797 /* Supporting Files */,
			);
			path = AstroCalendarTests;
			sourceTree = "<group>";
		};
		D139FBAC144FE003006D0797 /* Supporting Files */ = {
			isa = PBXGroup;
			children = (
				D139FBAD144FE003006D0797 /* AstroCalendarTests-Info.plist */,
				D139FBAE144FE003006D0797 /* InfoPlist.strings */,
			);
			name = "Supporting Files";
			sourceTree = "<group>";
		};
		D15184581475C94100AA0A41 /* Resources */ = {
			isa = PBXGroup;
			children = (
				D15184591475C94100AA0A41 /* Settings.plist */,
			);
			name = Resources;
			path = AstroCalendar/Resources;
			sourceTree = "<group>";
		};
/* End PBXGroup section */

/* Begin PBXNativeTarget section */
		D139FB88144FE003006D0797 /* AstroCalendar */ = {
			isa = PBXNativeTarget;
			buildConfigurationList = D139FBB6144FE003006D0797 /* Build configuration list for PBXNativeTarget "AstroCalendar" */;
			buildPhases = (
				D139FB85144FE003006D0797 /* Sources */,
				D139FB86144FE003006D0797 /* Frameworks */,
				D139FB87144FE003006D0797 /* Resources */,
			);
			buildRules = (
			);
			dependencies = (
				D1049A5E14527CFD002FD429 /* PBXTargetDependency */,
			);
			name = AstroCalendar;
			productName = AstroCalendar;
			productReference = D139FB89144FE003006D0797 /* AstroCalendar.app */;
			productType = "com.apple.product-type.application";
		};
		D139FBA3144FE003006D0797 /* AstroCalendarTests */ = {
			isa = PBXNativeTarget;
			buildConfigurationList = D139FBB9144FE003006D0797 /* Build configuration list for PBXNativeTarget "AstroCalendarTests" */;
			buildPhases = (
				D139FB9F144FE003006D0797 /* Sources */,
				D139FBA0144FE003006D0797 /* Frameworks */,
				D139FBA1144FE003006D0797 /* Resources */,
				D139FBA2144FE003006D0797 /* ShellScript */,
			);
			buildRules = (
			);
			dependencies = (
				D139FBAA144FE003006D0797 /* PBXTargetDependency */,
			);
			name = AstroCalendarTests;
			productName = AstroCalendarTests;
			productReference = D139FBA4144FE003006D0797 /* AstroCalendarTests.octest */;
			productType = "com.apple.product-type.bundle";
		};
/* End PBXNativeTarget section */

/* Begin PBXProject section */
		D139FB80144FE003006D0797 /* Project object */ = {
			isa = PBXProject;
			attributes = {
				LastUpgradeCheck = 0420;
				ORGANIZATIONNAME = "University of British Columbia";
			};
			buildConfigurationList = D139FB83144FE003006D0797 /* Build configuration list for PBXProject "AstroCalendar" */;
			compatibilityVersion = "Xcode 3.2";
			developmentRegion = English;
			hasScannedForEncodings = 0;
			knownRegions = (
				en,
			);
			mainGroup = D139FB7E144FE003006D0797;
			productRefGroup = D139FB8A144FE003006D0797 /* Products */;
			projectDirPath = "";
			projectReferences = (
				{
					ProductGroup = D1049A4F14527BD6002FD429 /* Products */;
					ProjectRef = D1049A4E14527BD6002FD429 /* TapkuLibrary.xcodeproj */;
				},
			);
			projectRoot = "";
			targets = (
				D139FB88144FE003006D0797 /* AstroCalendar */,
				D139FBA3144FE003006D0797 /* AstroCalendarTests */,
			);
		};
/* End PBXProject section */

/* Begin PBXReferenceProxy section */
		D1049A5714527BD6002FD429 /* libTapkuLibrary.a */ = {
			isa = PBXReferenceProxy;
			fileType = archive.ar;
			path = libTapkuLibrary.a;
			remoteRef = D1049A5614527BD6002FD429 /* PBXContainerItemProxy */;
			sourceTree = BUILT_PRODUCTS_DIR;
		};
		D1049A5914527BD6002FD429 /* LogicTests.octest */ = {
			isa = PBXReferenceProxy;
			fileType = wrapper.cfbundle;
			path = LogicTests.octest;
			remoteRef = D1049A5814527BD6002FD429 /* PBXContainerItemProxy */;
			sourceTree = BUILT_PRODUCTS_DIR;
		};
/* End PBXReferenceProxy section */

/* Begin PBXResourcesBuildPhase section */
		D139FB87144FE003006D0797 /* Resources */ = {
			isa = PBXResourcesBuildPhase;
			buildActionMask = 2147483647;
			files = (
				D139FB98144FE003006D0797 /* InfoPlist.strings in Resources */,
				D1049A6D14528437002FD429 /* TapkuLibrary.bundle in Resources */,
				D13ED635145B656300E0731F /* AstroCalendarSelectDateViewController_iPhone.xib in Resources */,
				D10D64EA1460A4660053B016 /* AstroCalendarMoonViewCell_iPhone.xib in Resources */,
				D10D64FE1461C4A70053B016 /* AstroCalendarDayViewController_iPhone.xib in Resources */,
				D151845A1475C94100AA0A41 /* Settings.plist in Resources */,
			);
			runOnlyForDeploymentPostprocessing = 0;
		};
		D139FBA1144FE003006D0797 /* Resources */ = {
			isa = PBXResourcesBuildPhase;
			buildActionMask = 2147483647;
			files = (
				D139FBB0144FE003006D0797 /* InfoPlist.strings in Resources */,
				D151845B1475C94100AA0A41 /* Settings.plist in Resources */,
			);
			runOnlyForDeploymentPostprocessing = 0;
		};
/* End PBXResourcesBuildPhase section */

/* Begin PBXShellScriptBuildPhase section */
		D139FBA2144FE003006D0797 /* ShellScript */ = {
			isa = PBXShellScriptBuildPhase;
			buildActionMask = 2147483647;
			files = (
			);
			inputPaths = (
			);
			outputPaths = (
			);
			runOnlyForDeploymentPostprocessing = 0;
			shellPath = /bin/sh;
			shellScript = "# Run the unit tests in this test bundle.\n\"${SYSTEM_DEVELOPER_DIR}/Tools/RunUnitTests\"\n";
		};
/* End PBXShellScriptBuildPhase section */

/* Begin PBXSourcesBuildPhase section */
		D139FB85144FE003006D0797 /* Sources */ = {
			isa = PBXSourcesBuildPhase;
			buildActionMask = 2147483647;
			files = (
				D10D651D146474180053B016 /* JSONKit.m in Sources */,
				D10D6528146474650053B016 /* AFHTTPClient.m in Sources */,
				D10D6529146474660053B016 /* AFHTTPRequestOperation.m in Sources */,
				D10D652A146474660053B016 /* AFImageCache.m in Sources */,
				D10D652B146474660053B016 /* AFImageRequestOperation.m in Sources */,
				D10D652C146474660053B016 /* AFJSONRequestOperation.m in Sources */,
				D10D652D146474660053B016 /* AFNetworkActivityIndicatorManager.m in Sources */,
				D10D652E146474660053B016 /* AFPropertyListRequestOperation.m in Sources */,
				D10D652F146474660053B016 /* AFURLConnectionOperation.m in Sources */,
				D10D6530146474660053B016 /* AFXMLRequestOperation.m in Sources */,
				D10D6531146474660053B016 /* UIImageView+AFNetworking.m in Sources */,
				D139FB9A144FE003006D0797 /* main.m in Sources */,
				D139FB9E144FE003006D0797 /* AstroCalendarAppDelegate.m in Sources */,
				D13ED634145B656300E0731F /* AstroCalendarSelectDateViewController.m in Sources */,
				D10D64DB14606FA90053B016 /* AstroCalendarMoonViewController.m in Sources */,
				D10D64DF146074B20053B016 /* AstroCalendarMoonViewCell.m in Sources */,
				D10D65021461CDC20053B016 /* AstroCalendarSunViewController.m in Sources */,
				D10D65051461FD8C0053B016 /* AstroCalendarDayViewController.m in Sources */,
				D1AD7A171464ABE100B45C94 /* UINavigationController+UniqueStack.m in Sources */,
				7ABABF901475C29F000EEA7B /* DayContainer.m in Sources */,
				7ABABF911475C29F000EEA7B /* MasterDataHandler.m in Sources */,
				7ABABF921475C29F000EEA7B /* MonthDataIndexer.m in Sources */,
				7ABABF931475C29F000EEA7B /* RingBuffer.m in Sources */,
				D142F6141475C84900852C07 /* SectionData.m in Sources */,
				D14137FC14770DE600019F8A /* DateRangeRequest.m in Sources */,
			);
			runOnlyForDeploymentPostprocessing = 0;
		};
		D139FB9F144FE003006D0797 /* Sources */ = {
			isa = PBXSourcesBuildPhase;
			buildActionMask = 2147483647;
			files = (
				D139FBB3144FE003006D0797 /* AstroCalendarTests.m in Sources */,
				D142F6151475C84900852C07 /* SectionData.m in Sources */,
				D14137FD14770DE600019F8A /* DateRangeRequest.m in Sources */,
			);
			runOnlyForDeploymentPostprocessing = 0;
		};
/* End PBXSourcesBuildPhase section */

/* Begin PBXTargetDependency section */
		D1049A5E14527CFD002FD429 /* PBXTargetDependency */ = {
			isa = PBXTargetDependency;
			name = TapkuLibrary;
			targetProxy = D1049A5D14527CFD002FD429 /* PBXContainerItemProxy */;
		};
		D139FBAA144FE003006D0797 /* PBXTargetDependency */ = {
			isa = PBXTargetDependency;
			target = D139FB88144FE003006D0797 /* AstroCalendar */;
			targetProxy = D139FBA9144FE003006D0797 /* PBXContainerItemProxy */;
		};
/* End PBXTargetDependency section */

/* Begin PBXVariantGroup section */
		D139FB96144FE003006D0797 /* InfoPlist.strings */ = {
			isa = PBXVariantGroup;
			children = (
				D139FB97144FE003006D0797 /* en */,
			);
			name = InfoPlist.strings;
			sourceTree = "<group>";
		};
		D139FBAE144FE003006D0797 /* InfoPlist.strings */ = {
			isa = PBXVariantGroup;
			children = (
				D139FBAF144FE003006D0797 /* en */,
			);
			name = InfoPlist.strings;
			sourceTree = "<group>";
		};
/* End PBXVariantGroup section */

/* Begin XCBuildConfiguration section */
		D139FBB4144FE003006D0797 /* Debug */ = {
			isa = XCBuildConfiguration;
			buildSettings = {
				ALWAYS_SEARCH_USER_PATHS = NO;
				ARCHS = "$(ARCHS_STANDARD_32_BIT)";
				CLANG_ENABLE_OBJC_ARC = YES;
				"CODE_SIGN_IDENTITY[sdk=iphoneos*]" = "iPhone Developer";
				COPY_PHASE_STRIP = NO;
				GCC_C_LANGUAGE_STANDARD = gnu99;
				GCC_DYNAMIC_NO_PIC = NO;
				GCC_OPTIMIZATION_LEVEL = 0;
				GCC_PREPROCESSOR_DEFINITIONS = (
					"DEBUG=1",
					"$(inherited)",
				);
				GCC_SYMBOLS_PRIVATE_EXTERN = NO;
				GCC_VERSION = com.apple.compilers.llvm.clang.1_0;
				GCC_WARN_ABOUT_MISSING_PROTOTYPES = YES;
				GCC_WARN_ABOUT_RETURN_TYPE = YES;
				GCC_WARN_UNUSED_VARIABLE = YES;
				IPHONEOS_DEPLOYMENT_TARGET = 5.0;
				SDKROOT = iphoneos;
				TARGETED_DEVICE_FAMILY = "1,2";
			};
			name = Debug;
		};
		D139FBB5144FE003006D0797 /* Release */ = {
			isa = XCBuildConfiguration;
			buildSettings = {
				ALWAYS_SEARCH_USER_PATHS = NO;
				ARCHS = "$(ARCHS_STANDARD_32_BIT)";
				CLANG_ENABLE_OBJC_ARC = YES;
				"CODE_SIGN_IDENTITY[sdk=iphoneos*]" = "iPhone Developer";
				COPY_PHASE_STRIP = YES;
				GCC_C_LANGUAGE_STANDARD = gnu99;
				GCC_VERSION = com.apple.compilers.llvm.clang.1_0;
				GCC_WARN_ABOUT_MISSING_PROTOTYPES = YES;
				GCC_WARN_ABOUT_RETURN_TYPE = YES;
				GCC_WARN_UNUSED_VARIABLE = YES;
				IPHONEOS_DEPLOYMENT_TARGET = 5.0;
				OTHER_CFLAGS = "-DNS_BLOCK_ASSERTIONS=1";
				SDKROOT = iphoneos;
				TARGETED_DEVICE_FAMILY = "1,2";
				VALIDATE_PRODUCT = YES;
			};
			name = Release;
		};
		D139FBB7144FE003006D0797 /* Debug */ = {
			isa = XCBuildConfiguration;
			buildSettings = {
				GCC_PRECOMPILE_PREFIX_HEADER = YES;
				GCC_PREFIX_HEADER = "AstroCalendar/AstroCalendar-Prefix.pch";
				HEADER_SEARCH_PATHS = (
					../JSONKit,
					../AFNetworking/AFNetworking,
					../Tapku/src,
				);
				INFOPLIST_FILE = "AstroCalendar/AstroCalendar-Info.plist";
				LIBRARY_SEARCH_PATHS = (
					"$(inherited)",
					"\"$(SRCROOT)/../../../../Library/Developer/Xcode/DerivedData/COSC_310_XCode_Workspace-drsoracbgzmnaafliouveymebptj/Build/Products/Debug-iphoneos\"",
				);
				OTHER_LDFLAGS = (
					"-ObjC",
					"-all_load",
				);
				PRODUCT_NAME = "$(TARGET_NAME)";
				USER_HEADER_SEARCH_PATHS = "";
				WRAPPER_EXTENSION = app;
			};
			name = Debug;
		};
		D139FBB8144FE003006D0797 /* Release */ = {
			isa = XCBuildConfiguration;
			buildSettings = {
				GCC_PRECOMPILE_PREFIX_HEADER = YES;
				GCC_PREFIX_HEADER = "AstroCalendar/AstroCalendar-Prefix.pch";
				HEADER_SEARCH_PATHS = (
					../JSONKit,
					../AFNetworking/AFNetworking,
					../Tapku/src,
				);
				INFOPLIST_FILE = "AstroCalendar/AstroCalendar-Info.plist";
				LIBRARY_SEARCH_PATHS = (
					"$(inherited)",
					"\"$(SRCROOT)/../../../../Library/Developer/Xcode/DerivedData/COSC_310_XCode_Workspace-drsoracbgzmnaafliouveymebptj/Build/Products/Debug-iphoneos\"",
				);
				OTHER_LDFLAGS = (
					"-ObjC",
					"-all_load",
				);
				PRODUCT_NAME = "$(TARGET_NAME)";
				USER_HEADER_SEARCH_PATHS = "";
				WRAPPER_EXTENSION = app;
			};
			name = Release;
		};
		D139FBBA144FE003006D0797 /* Debug */ = {
			isa = XCBuildConfiguration;
			buildSettings = {
				BUNDLE_LOADER = "$(BUILT_PRODUCTS_DIR)/AstroCalendar.app/AstroCalendar";
				FRAMEWORK_SEARCH_PATHS = (
					"$(SDKROOT)/Developer/Library/Frameworks",
					"$(DEVELOPER_LIBRARY_DIR)/Frameworks",
				);
				GCC_PRECOMPILE_PREFIX_HEADER = YES;
				GCC_PREFIX_HEADER = "AstroCalendar/AstroCalendar-Prefix.pch";
				INFOPLIST_FILE = "AstroCalendarTests/AstroCalendarTests-Info.plist";
				PRODUCT_NAME = "$(TARGET_NAME)";
				TEST_HOST = "$(BUNDLE_LOADER)";
				WRAPPER_EXTENSION = octest;
			};
			name = Debug;
		};
		D139FBBB144FE003006D0797 /* Release */ = {
			isa = XCBuildConfiguration;
			buildSettings = {
				BUNDLE_LOADER = "$(BUILT_PRODUCTS_DIR)/AstroCalendar.app/AstroCalendar";
				FRAMEWORK_SEARCH_PATHS = (
					"$(SDKROOT)/Developer/Library/Frameworks",
					"$(DEVELOPER_LIBRARY_DIR)/Frameworks",
				);
				GCC_PRECOMPILE_PREFIX_HEADER = YES;
				GCC_PREFIX_HEADER = "AstroCalendar/AstroCalendar-Prefix.pch";
				INFOPLIST_FILE = "AstroCalendarTests/AstroCalendarTests-Info.plist";
				PRODUCT_NAME = "$(TARGET_NAME)";
				TEST_HOST = "$(BUNDLE_LOADER)";
				WRAPPER_EXTENSION = octest;
			};
			name = Release;
		};
/* End XCBuildConfiguration section */

/* Begin XCConfigurationList section */
		D139FB83144FE003006D0797 /* Build configuration list for PBXProject "AstroCalendar" */ = {
			isa = XCConfigurationList;
			buildConfigurations = (
				D139FBB4144FE003006D0797 /* Debug */,
				D139FBB5144FE003006D0797 /* Release */,
			);
			defaultConfigurationIsVisible = 0;
			defaultConfigurationName = Release;
		};
		D139FBB6144FE003006D0797 /* Build configuration list for PBXNativeTarget "AstroCalendar" */ = {
			isa = XCConfigurationList;
			buildConfigurations = (
				D139FBB7144FE003006D0797 /* Debug */,
				D139FBB8144FE003006D0797 /* Release */,
			);
			defaultConfigurationIsVisible = 0;
			defaultConfigurationName = Release;
		};
		D139FBB9144FE003006D0797 /* Build configuration list for PBXNativeTarget "AstroCalendarTests" */ = {
			isa = XCConfigurationList;
			buildConfigurations = (
				D139FBBA144FE003006D0797 /* Debug */,
				D139FBBB144FE003006D0797 /* Release */,
			);
			defaultConfigurationIsVisible = 0;
			defaultConfigurationName = Release;
		};
/* End XCConfigurationList section */
	};
	rootObject = D139FB80144FE003006D0797 /* Project object */;
}
